
Microsoft Visual Studio Solution File, Format Version 12.00
# Visual Studio 2017
Project("{FAE04EC0-301F-11D3-BF4B-00C04F79EFBC}") = "SnapNotes", "SnapNotes.csproj", "{451092A3-B7A9-4817-BCF4-C09844CFE1DC}"
EndProject
Global
	GlobalSection(SolutionConfigurationPlatforms) = preSolution
		Debug|Any CPU = Debug|Any CPU
		Release|Any CPU = Release|Any CPU
	EndGlobalSection
	GlobalSection(ProjectConfigurationPlatforms) = postSolution
		{451092A3-B7A9-4817-BCF4-C09844CFE1DC}.Debug|Any CPU.ActiveCfg = Debug|Any CPU
		{451092A3-B7A9-4817-BCF4-C09844CFE1DC}.Debug|Any CPU.Build.0 = Debug|Any CPU
		{451092A3-B7A9-4817-BCF4-C09844CFE1DC}.Release|Any CPU.ActiveCfg = Release|Any CPU
		{451092A3-B7A9-4817-BCF4-C09844CFE1DC}.Release|Any CPU.Build.0 = Release|Any CPU
		{451092A3-B7A9-4817-BCF4-C09844CFE1DC}.Debug|Any CPU.Deploy.0 = Debug|Any CPU
	EndGlobalSection
EndGlobal
